{
  "requires": true,
  "lockfileVersion": 1,
  "dependencies": {
    "palindrome-testing": {
      "version": "0.2.0",
      "resolved": "https://registry.npmjs.org/palindrome-testing/-/palindrome-testing-0.2.0.tgz",
      "integrity": "sha512-JW38HgYeb0ivzXHrOw64aVclWzDdghWOLFpxwj4rFf0XIZmNYam0we1NWBQ8eH+1ENVCFxz483E9doezMf0goA=="
    }
  }
}
